
Microsoft Visual Studio Solution File, Format Version 12.00
# Visual Studio 14
VisualStudioVersion = 14.0.25420.1
MinimumVisualStudioVersion = 10.0.40219.1
Project("{FAE04EC0-301F-11D3-BF4B-00C04F79EFBC}") = "ayoub wahib", "ayoub wahib\ayoub wahib.csproj", "{D9390610-6F8B-4DE3-95ED-05846051EF50}"
EndProject
Global
	GlobalSection(SolutionConfigurationPlatforms) = preSolution
		Debug|Any CPU = Debug|Any CPU
		Release|Any CPU = Release|Any CPU
	EndGlobalSection
	GlobalSection(ProjectConfigurationPlatforms) = postSolution
		{D9390610-6F8B-4DE3-95ED-05846051EF50}.Debug|Any CPU.ActiveCfg = Debug|Any CPU
		{D9390610-6F8B-4DE3-95ED-05846051EF50}.Debug|Any CPU.Build.0 = Debug|Any CPU
		{D9390610-6F8B-4DE3-95ED-05846051EF50}.Release|Any CPU.ActiveCfg = Release|Any CPU
		{D9390610-6F8B-4DE3-95ED-05846051EF50}.Release|Any CPU.Build.0 = Release|Any CPU
	EndGlobalSection
	GlobalSection(SolutionProperties) = preSolution
		HideSolutionNode = FALSE
	EndGlobalSection
EndGlobal
